// !$*UTF8*$!
{
	archiveVersion = 1;
	classes = {
	};
	objectVersion = 46;
	objects = {

/* Begin PBXBuildFile section */
		FA22931B1AE1F80600C9C2D5 /* Foundation.framework in Frameworks */ = {isa = PBXBuildFile; fileRef = FA22931A1AE1F80600C9C2D5 /* Foundation.framework */; };
		FA22931D1AE1F80600C9C2D5 /* CoreGraphics.framework in Frameworks */ = {isa = PBXBuildFile; fileRef = FA22931C1AE1F80600C9C2D5 /* CoreGraphics.framework */; };
		FA22931F1AE1F80600C9C2D5 /* UIKit.framework in Frameworks */ = {isa = PBXBuildFile; fileRef = FA22931E1AE1F80600C9C2D5 /* UIKit.framework */; };
		FA2293211AE1F80700C9C2D5 /* CoreData.framework in Frameworks */ = {isa = PBXBuildFile; fileRef = FA2293201AE1F80700C9C2D5 /* CoreData.framework */; };
		FA2293271AE1F80700C9C2D5 /* InfoPlist.strings in Resources */ = {isa = PBXBuildFile; fileRef = FA2293251AE1F80700C9C2D5 /* InfoPlist.strings */; };
		FA2293291AE1F80700C9C2D5 /* main.m in Sources */ = {isa = PBXBuildFile; fileRef = FA2293281AE1F80700C9C2D5 /* main.m */; };
		FA22932D1AE1F80700C9C2D5 /* AppDelegate.m in Sources */ = {isa = PBXBuildFile; fileRef = FA22932C1AE1F80700C9C2D5 /* AppDelegate.m */; };
		FA2293301AE1F80700C9C2D5 /* Descom_LED_Control.xcdatamodeld in Sources */ = {isa = PBXBuildFile; fileRef = FA22932E1AE1F80700C9C2D5 /* Descom_LED_Control.xcdatamodeld */; };
		FA2293321AE1F80700C9C2D5 /* Images.xcassets in Resources */ = {isa = PBXBuildFile; fileRef = FA2293311AE1F80700C9C2D5 /* Images.xcassets */; };
		FA2293391AE1F80700C9C2D5 /* XCTest.framework in Frameworks */ = {isa = PBXBuildFile; fileRef = FA2293381AE1F80700C9C2D5 /* XCTest.framework */; };
		FA22933A1AE1F80700C9C2D5 /* Foundation.framework in Frameworks */ = {isa = PBXBuildFile; fileRef = FA22931A1AE1F80600C9C2D5 /* Foundation.framework */; };
		FA22933B1AE1F80700C9C2D5 /* UIKit.framework in Frameworks */ = {isa = PBXBuildFile; fileRef = FA22931E1AE1F80600C9C2D5 /* UIKit.framework */; };
		FA22933C1AE1F80700C9C2D5 /* CoreData.framework in Frameworks */ = {isa = PBXBuildFile; fileRef = FA2293201AE1F80700C9C2D5 /* CoreData.framework */; };
		FA2293441AE1F80700C9C2D5 /* InfoPlist.strings in Resources */ = {isa = PBXBuildFile; fileRef = FA2293421AE1F80700C9C2D5 /* InfoPlist.strings */; };
		FA2293461AE1F80700C9C2D5 /* Descom_LED_ControlTests.m in Sources */ = {isa = PBXBuildFile; fileRef = FA2293451AE1F80700C9C2D5 /* Descom_LED_ControlTests.m */; };
/* End PBXBuildFile section */

/* Begin PBXContainerItemProxy section */
		FA22933D1AE1F80700C9C2D5 /* PBXContainerItemProxy */ = {
			isa = PBXContainerItemProxy;
			containerPortal = FA22930F1AE1F80600C9C2D5 /* Project object */;
			proxyType = 1;
			remoteGlobalIDString = FA2293161AE1F80600C9C2D5;
			remoteInfo = Descom_LED_Control;
		};
/* End PBXContainerItemProxy section */

/* Begin PBXFileReference section */
		FA2293171AE1F80600C9C2D5 /* Descom_LED_Control.app */ = {isa = PBXFileReference; explicitFileType = wrapper.application; includeInIndex = 0; path = Descom_LED_Control.app; sourceTree = BUILT_PRODUCTS_DIR; };
		FA22931A1AE1F80600C9C2D5 /* Foundation.framework */ = {isa = PBXFileReference; lastKnownFileType = wrapper.framework; name = Foundation.framework; path = System/Library/Frameworks/Foundation.framework; sourceTree = SDKROOT; };
		FA22931C1AE1F80600C9C2D5 /* CoreGraphics.framework */ = {isa = PBXFileReference; lastKnownFileType = wrapper.framework; name = CoreGraphics.framework; path = System/Library/Frameworks/CoreGraphics.framework; sourceTree = SDKROOT; };
		FA22931E1AE1F80600C9C2D5 /* UIKit.framework */ = {isa = PBXFileReference; lastKnownFileType = wrapper.framework; name = UIKit.framework; path = System/Library/Frameworks/UIKit.framework; sourceTree = SDKROOT; };
		FA2293201AE1F80700C9C2D5 /* CoreData.framework */ = {isa = PBXFileReference; lastKnownFileType = wrapper.framework; name = CoreData.framework; path = System/Library/Frameworks/CoreData.framework; sourceTree = SDKROOT; };
		FA2293241AE1F80700C9C2D5 /* Descom_LED_Control-Info.plist */ = {isa = PBXFileReference; lastKnownFileType = text.plist.xml; path = "Descom_LED_Control-Info.plist"; sourceTree = "<group>"; };
		FA2293261AE1F80700C9C2D5 /* en */ = {isa = PBXFileReference; lastKnownFileType = text.plist.strings; name = en; path = en.lproj/InfoPlist.strings; sourceTree = "<group>"; };
		FA2293281AE1F80700C9C2D5 /* main.m */ = {isa = PBXFileReference; lastKnownFileType = sourcecode.c.objc; path = main.m; sourceTree = "<group>"; };
		FA22932A1AE1F80700C9C2D5 /* Descom_LED_Control-Prefix.pch */ = {isa = PBXFileReference; lastKnownFileType = sourcecode.c.h; path = "Descom_LED_Control-Prefix.pch"; sourceTree = "<group>"; };
		FA22932B1AE1F80700C9C2D5 /* AppDelegate.h */ = {isa = PBXFileReference; lastKnownFileType = sourcecode.c.h; path = AppDelegate.h; sourceTree = "<group>"; };
		FA22932C1AE1F80700C9C2D5 /* AppDelegate.m */ = {isa = PBXFileReference; lastKnownFileType = sourcecode.c.objc; path = AppDelegate.m; sourceTree = "<group>"; };
		FA22932F1AE1F80700C9C2D5 /* Descom_LED_Control.xcdatamodel */ = {isa = PBXFileReference; lastKnownFileType = wrapper.xcdatamodel; path = Descom_LED_Control.xcdatamodel; sourceTree = "<group>"; };
		FA2293311AE1F80700C9C2D5 /* Images.xcassets */ = {isa = PBXFileReference; lastKnownFileType = folder.assetcatalog; path = Images.xcassets; sourceTree = "<group>"; };
		FA2293371AE1F80700C9C2D5 /* Descom_LED_ControlTests.xctest */ = {isa = PBXFileReference; explicitFileType = wrapper.cfbundle; includeInIndex = 0; path = Descom_LED_ControlTests.xctest; sourceTree = BUILT_PRODUCTS_DIR; };
		FA2293381AE1F80700C9C2D5 /* XCTest.framework */ = {isa = PBXFileReference; lastKnownFileType = wrapper.framework; name = XCTest.framework; path = Library/Frameworks/XCTest.framework; sourceTree = DEVELOPER_DIR; };
		FA2293411AE1F80700C9C2D5 /* Descom_LED_ControlTests-Info.plist */ = {isa = PBXFileReference; lastKnownFileType = text.plist.xml; path = "Descom_LED_ControlTests-Info.plist"; sourceTree = "<group>"; };
		FA2293431AE1F80700C9C2D5 /* en */ = {isa = PBXFileReference; lastKnownFileType = text.plist.strings; name = en; path = en.lproj/InfoPlist.strings; sourceTree = "<group>"; };
		FA2293451AE1F80700C9C2D5 /* Descom_LED_ControlTests.m */ = {isa = PBXFileReference; lastKnownFileType = sourcecode.c.objc; path = Descom_LED_ControlTests.m; sourceTree = "<group>"; };
/* End PBXFileReference section */

/* Begin PBXFrameworksBuildPhase section */
		FA2293141AE1F80600C9C2D5 /* Frameworks */ = {
			isa = PBXFrameworksBuildPhase;
			buildActionMask = 2147483647;
			files = (
				FA22931D1AE1F80600C9C2D5 /* CoreGraphics.framework in Frameworks */,
				FA2293211AE1F80700C9C2D5 /* CoreData.framework in Frameworks */,
				FA22931F1AE1F80600C9C2D5 /* UIKit.framework in Frameworks */,
				FA22931B1AE1F80600C9C2D5 /* Foundation.framework in Frameworks */,
			);
			runOnlyForDeploymentPostprocessing = 0;
		};
		FA2293341AE1F80700C9C2D5 /* Frameworks */ = {
			isa = PBXFrameworksBuildPhase;
			buildActionMask = 2147483647;
			files = (
				FA2293391AE1F80700C9C2D5 /* XCTest.framework in Frameworks */,
				FA22933C1AE1F80700C9C2D5 /* CoreData.framework in Frameworks */,
				FA22933B1AE1F80700C9C2D5 /* UIKit.framework in Frameworks */,
				FA22933A1AE1F80700C9C2D5 /* Foundation.framework in Frameworks */,
			);
			runOnlyForDeploymentPostprocessing = 0;
		};
/* End PBXFrameworksBuildPhase section */

/* Begin PBXGroup section */
		FA22930E1AE1F80600C9C2D5 = {
			isa = PBXGroup;
			children = (
				FA2293221AE1F80700C9C2D5 /* Descom_LED_Control */,
				FA22933F1AE1F80700C9C2D5 /* Descom_LED_ControlTests */,
				FA2293191AE1F80600C9C2D5 /* Frameworks */,
				FA2293181AE1F80600C9C2D5 /* Products */,
			);
			sourceTree = "<group>";
		};
		FA2293181AE1F80600C9C2D5 /* Products */ = {
			isa = PBXGroup;
			children = (
				FA2293171AE1F80600C9C2D5 /* Descom_LED_Control.app */,
				FA2293371AE1F80700C9C2D5 /* Descom_LED_ControlTests.xctest */,
			);
			name = Products;
			sourceTree = "<group>";
		};
		FA2293191AE1F80600C9C2D5 /* Frameworks */ = {
			isa = PBXGroup;
			children = (
				FA22931A1AE1F80600C9C2D5 /* Foundation.framework */,
				FA22931C1AE1F80600C9C2D5 /* CoreGraphics.framework */,
				FA22931E1AE1F80600C9C2D5 /* UIKit.framework */,
				FA2293201AE1F80700C9C2D5 /* CoreData.framework */,
				FA2293381AE1F80700C9C2D5 /* XCTest.framework */,
			);
			name = Frameworks;
			sourceTree = "<group>";
		};
		FA2293221AE1F80700C9C2D5 /* Descom_LED_Control */ = {
			isa = PBXGroup;
			children = (
				FA22932B1AE1F80700C9C2D5 /* AppDelegate.h */,
				FA22932C1AE1F80700C9C2D5 /* AppDelegate.m */,
				FA2293311AE1F80700C9C2D5 /* Images.xcassets */,
				FA22932E1AE1F80700C9C2D5 /* Descom_LED_Control.xcdatamodeld */,
				FA2293231AE1F80700C9C2D5 /* Supporting Files */,
			);
			path = Descom_LED_Control;
			sourceTree = "<group>";
		};
		FA2293231AE1F80700C9C2D5 /* Supporting Files */ = {
			isa = PBXGroup;
			children = (
				FA2293241AE1F80700C9C2D5 /* Descom_LED_Control-Info.plist */,
				FA2293251AE1F80700C9C2D5 /* InfoPlist.strings */,
				FA2293281AE1F80700C9C2D5 /* main.m */,
				FA22932A1AE1F80700C9C2D5 /* Descom_LED_Control-Prefix.pch */,
			);
			name = "Supporting Files";
			sourceTree = "<group>";
		};
		FA22933F1AE1F80700C9C2D5 /* Descom_LED_ControlTests */ = {
			isa = PBXGroup;
			children = (
				FA2293451AE1F80700C9C2D5 /* Descom_LED_ControlTests.m */,
				FA2293401AE1F80700C9C2D5 /* Supporting Files */,
			);
			path = Descom_LED_ControlTests;
			sourceTree = "<group>";
		};
		FA2293401AE1F80700C9C2D5 /* Supporting Files */ = {
			isa = PBXGroup;
			children = (
				FA2293411AE1F80700C9C2D5 /* Descom_LED_ControlTests-Info.plist */,
				FA2293421AE1F80700C9C2D5 /* InfoPlist.strings */,
			);
			name = "Supporting Files";
			sourceTree = "<group>";
		};
/* End PBXGroup section */

/* Begin PBXNativeTarget section */
		FA2293161AE1F80600C9C2D5 /* Descom_LED_Control */ = {
			isa = PBXNativeTarget;
			buildConfigurationList = FA2293491AE1F80700C9C2D5 /* Build configuration list for PBXNativeTarget "Descom_LED_Control" */;
			buildPhases = (
				FA2293131AE1F80600C9C2D5 /* Sources */,
				FA2293141AE1F80600C9C2D5 /* Frameworks */,
				FA2293151AE1F80600C9C2D5 /* Resources */,
			);
			buildRules = (
			);
			dependencies = (
			);
			name = Descom_LED_Control;
			productName = Descom_LED_Control;
			productReference = FA2293171AE1F80600C9C2D5 /* Descom_LED_Control.app */;
			productType = "com.apple.product-type.application";
		};
		FA2293361AE1F80700C9C2D5 /* Descom_LED_ControlTests */ = {
			isa = PBXNativeTarget;
			buildConfigurationList = FA22934C1AE1F80700C9C2D5 /* Build configuration list for PBXNativeTarget "Descom_LED_ControlTests" */;
			buildPhases = (
				FA2293331AE1F80700C9C2D5 /* Sources */,
				FA2293341AE1F80700C9C2D5 /* Frameworks */,
				FA2293351AE1F80700C9C2D5 /* Resources */,
			);
			buildRules = (
			);
			dependencies = (
				FA22933E1AE1F80700C9C2D5 /* PBXTargetDependency */,
			);
			name = Descom_LED_ControlTests;
			productName = Descom_LED_ControlTests;
			productReference = FA2293371AE1F80700C9C2D5 /* Descom_LED_ControlTests.xctest */;
			productType = "com.apple.product-type.bundle.unit-test";
		};
/* End PBXNativeTarget section */

/* Begin PBXProject section */
		FA22930F1AE1F80600C9C2D5 /* Project object */ = {
			isa = PBXProject;
			attributes = {
				LastUpgradeCheck = 0510;
				ORGANIZATIONNAME = jinslight;
				TargetAttributes = {
					FA2293361AE1F80700C9C2D5 = {
						TestTargetID = FA2293161AE1F80600C9C2D5;
					};
				};
			};
			buildConfigurationList = FA2293121AE1F80600C9C2D5 /* Build configuration list for PBXProject "Descom_LED_Control" */;
			compatibilityVersion = "Xcode 3.2";
			developmentRegion = English;
			hasScannedForEncodings = 0;
			knownRegions = (
				en,
			);
			mainGroup = FA22930E1AE1F80600C9C2D5;
			productRefGroup = FA2293181AE1F80600C9C2D5 /* Products */;
			projectDirPath = "";
			projectRoot = "";
			targets = (
				FA2293161AE1F80600C9C2D5 /* Descom_LED_Control */,
				FA2293361AE1F80700C9C2D5 /* Descom_LED_ControlTests */,
			);
		};
/* End PBXProject section */

/* Begin PBXResourcesBuildPhase section */
		FA2293151AE1F80600C9C2D5 /* Resources */ = {
			isa = PBXResourcesBuildPhase;
			buildActionMask = 2147483647;
			files = (
				FA2293271AE1F80700C9C2D5 /* InfoPlist.strings in Resources */,
				FA2293321AE1F80700C9C2D5 /* Images.xcassets in Resources */,
			);
			runOnlyForDeploymentPostprocessing = 0;
		};
		FA2293351AE1F80700C9C2D5 /* Resources */ = {
			isa = PBXResourcesBuildPhase;
			buildActionMask = 2147483647;
			files = (
				FA2293441AE1F80700C9C2D5 /* InfoPlist.strings in Resources */,
			);
			runOnlyForDeploymentPostprocessing = 0;
		};
/* End PBXResourcesBuildPhase section */

/* Begin PBXSourcesBuildPhase section */
		FA2293131AE1F80600C9C2D5 /* Sources */ = {
			isa = PBXSourcesBuildPhase;
			buildActionMask = 2147483647;
			files = (
				FA22932D1AE1F80700C9C2D5 /* AppDelegate.m in Sources */,
				FA2293291AE1F80700C9C2D5 /* main.m in Sources */,
				FA2293301AE1F80700C9C2D5 /* Descom_LED_Control.xcdatamodeld in Sources */,
			);
			runOnlyForDeploymentPostprocessing = 0;
		};
		FA2293331AE1F80700C9C2D5 /* Sources */ = {
			isa = PBXSourcesBuildPhase;
			buildActionMask = 2147483647;
			files = (
				FA2293461AE1F80700C9C2D5 /* Descom_LED_ControlTests.m in Sources */,
			);
			runOnlyForDeploymentPostprocessing = 0;
		};
/* End PBXSourcesBuildPhase section */

/* Begin PBXTargetDependency section */
		FA22933E1AE1F80700C9C2D5 /* PBXTargetDependency */ = {
			isa = PBXTargetDependency;
			target = FA2293161AE1F80600C9C2D5 /* Descom_LED_Control */;
			targetProxy = FA22933D1AE1F80700C9C2D5 /* PBXContainerItemProxy */;
		};
/* End PBXTargetDependency section */

/* Begin PBXVariantGroup section */
		FA2293251AE1F80700C9C2D5 /* InfoPlist.strings */ = {
			isa = PBXVariantGroup;
			children = (
				FA2293261AE1F80700C9C2D5 /* en */,
			);
			name = InfoPlist.strings;
			sourceTree = "<group>";
		};
		FA2293421AE1F80700C9C2D5 /* InfoPlist.strings */ = {
			isa = PBXVariantGroup;
			children = (
				FA2293431AE1F80700C9C2D5 /* en */,
			);
			name = InfoPlist.strings;
			sourceTree = "<group>";
		};
/* End PBXVariantGroup section */

/* Begin XCBuildConfiguration section */
		FA2293471AE1F80700C9C2D5 /* Debug */ = {
			isa = XCBuildConfiguration;
			buildSettings = {
				ALWAYS_SEARCH_USER_PATHS = NO;
				CLANG_CXX_LANGUAGE_STANDARD = "gnu++0x";
				CLANG_CXX_LIBRARY = "libc++";
				CLANG_ENABLE_MODULES = YES;
				CLANG_ENABLE_OBJC_ARC = YES;
				CLANG_WARN_BOOL_CONVERSION = YES;
				CLANG_WARN_CONSTANT_CONVERSION = YES;
				CLANG_WARN_DIRECT_OBJC_ISA_USAGE = YES_ERROR;
				CLANG_WARN_EMPTY_BODY = YES;
				CLANG_WARN_ENUM_CONVERSION = YES;
				CLANG_WARN_INT_CONVERSION = YES;
				CLANG_WARN_OBJC_ROOT_CLASS = YES_ERROR;
				CLANG_WARN__DUPLICATE_METHOD_MATCH = YES;
				"CODE_SIGN_IDENTITY[sdk=iphoneos*]" = "iPhone Developer";
				COPY_PHASE_STRIP = NO;
				GCC_C_LANGUAGE_STANDARD = gnu99;
				GCC_DYNAMIC_NO_PIC = NO;
				GCC_OPTIMIZATION_LEVEL = 0;
				GCC_PREPROCESSOR_DEFINITIONS = (
					"DEBUG=1",
					"$(inherited)",
				);
				GCC_SYMBOLS_PRIVATE_EXTERN = NO;
				GCC_WARN_64_TO_32_BIT_CONVERSION = YES;
				GCC_WARN_ABOUT_RETURN_TYPE = YES_ERROR;
				GCC_WARN_UNDECLARED_SELECTOR = YES;
				GCC_WARN_UNINITIALIZED_AUTOS = YES_AGGRESSIVE;
				GCC_WARN_UNUSED_FUNCTION = YES;
				GCC_WARN_UNUSED_VARIABLE = YES;
				IPHONEOS_DEPLOYMENT_TARGET = 7.1;
				ONLY_ACTIVE_ARCH = YES;
				SDKROOT = iphoneos;
			};
			name = Debug;
		};
		FA2293481AE1F80700C9C2D5 /* Release */ = {
			isa = XCBuildConfiguration;
			buildSettings = {
				ALWAYS_SEARCH_USER_PATHS = NO;
				CLANG_CXX_LANGUAGE_STANDARD = "gnu++0x";
				CLANG_CXX_LIBRARY = "libc++";
				CLANG_ENABLE_MODULES = YES;
				CLANG_ENABLE_OBJC_ARC = YES;
				CLANG_WARN_BOOL_CONVERSION = YES;
				CLANG_WARN_CONSTANT_CONVERSION = YES;
				CLANG_WARN_DIRECT_OBJC_ISA_USAGE = YES_ERROR;
				CLANG_WARN_EMPTY_BODY = YES;
				CLANG_WARN_ENUM_CONVERSION = YES;
				CLANG_WARN_INT_CONVERSION = YES;
				CLANG_WARN_OBJC_ROOT_CLASS = YES_ERROR;
				CLANG_WARN__DUPLICATE_METHOD_MATCH = YES;
				"CODE_SIGN_IDENTITY[sdk=iphoneos*]" = "iPhone Developer";
				COPY_PHASE_STRIP = YES;
				ENABLE_NS_ASSERTIONS = NO;
				GCC_C_LANGUAGE_STANDARD = gnu99;
				GCC_WARN_64_TO_32_BIT_CONVERSION = YES;
				GCC_WARN_ABOUT_RETURN_TYPE = YES_ERROR;
				GCC_WARN_UNDECLARED_SELECTOR = YES;
				GCC_WARN_UNINITIALIZED_AUTOS = YES_AGGRESSIVE;
				GCC_WARN_UNUSED_FUNCTION = YES;
				GCC_WARN_UNUSED_VARIABLE = YES;
				IPHONEOS_DEPLOYMENT_TARGET = 7.1;
				SDKROOT = iphoneos;
				VALIDATE_PRODUCT = YES;
			};
			name = Release;
		};
		FA22934A1AE1F80700C9C2D5 /* Debug */ = {
			isa = XCBuildConfiguration;
			buildSettings = {
				ASSETCATALOG_COMPILER_APPICON_NAME = AppIcon;
				ASSETCATALOG_COMPILER_LAUNCHIMAGE_NAME = LaunchImage;
				GCC_PRECOMPILE_PREFIX_HEADER = YES;
				GCC_PREFIX_HEADER = "Descom_LED_Control/Descom_LED_Control-Prefix.pch";
				INFOPLIST_FILE = "Descom_LED_Control/Descom_LED_Control-Info.plist";
				PRODUCT_NAME = "$(TARGET_NAME)";
				WRAPPER_EXTENSION = app;
			};
			name = Debug;
		};
		FA22934B1AE1F80700C9C2D5 /* Release */ = {
			isa = XCBuildConfiguration;
			buildSettings = {
				ASSETCATALOG_COMPILER_APPICON_NAME = AppIcon;
				ASSETCATALOG_COMPILER_LAUNCHIMAGE_NAME = LaunchImage;
				GCC_PRECOMPILE_PREFIX_HEADER = YES;
				GCC_PREFIX_HEADER = "Descom_LED_Control/Descom_LED_Control-Prefix.pch";
				INFOPLIST_FILE = "Descom_LED_Control/Descom_LED_Control-Info.plist";
				PRODUCT_NAME = "$(TARGET_NAME)";
				WRAPPER_EXTENSION = app;
			};
			name = Release;
		};
		FA22934D1AE1F80700C9C2D5 /* Debug */ = {
			isa = XCBuildConfiguration;
			buildSettings = {
				BUNDLE_LOADER = "$(BUILT_PRODUCTS_DIR)/Descom_LED_Control.app/Descom_LED_Control";
				FRAMEWORK_SEARCH_PATHS = (
					"$(SDKROOT)/Developer/Library/Frameworks",
					"$(inherited)",
					"$(DEVELOPER_FRAMEWORKS_DIR)",
				);
				GCC_PRECOMPILE_PREFIX_HEADER = YES;
				GCC_PREFIX_HEADER = "Descom_LED_Control/Descom_LED_Control-Prefix.pch";
				GCC_PREPROCESSOR_DEFINITIONS = (
					"DEBUG=1",
					"$(inherited)",
				);
				INFOPLIST_FILE = "Descom_LED_ControlTests/Descom_LED_ControlTests-Info.plist";
				PRODUCT_NAME = "$(TARGET_NAME)";
				TEST_HOST = "$(BUNDLE_LOADER)";
				WRAPPER_EXTENSION = xctest;
			};
			name = Debug;
		};
		FA22934E1AE1F80700C9C2D5 /* Release */ = {
			isa = XCBuildConfiguration;
			buildSettings = {
				BUNDLE_LOADER = "$(BUILT_PRODUCTS_DIR)/Descom_LED_Control.app/Descom_LED_Control";
				FRAMEWORK_SEARCH_PATHS = (
					"$(SDKROOT)/Developer/Library/Frameworks",
					"$(inherited)",
					"$(DEVELOPER_FRAMEWORKS_DIR)",
				);
				GCC_PRECOMPILE_PREFIX_HEADER = YES;
				GCC_PREFIX_HEADER = "Descom_LED_Control/Descom_LED_Control-Prefix.pch";
				INFOPLIST_FILE = "Descom_LED_ControlTests/Descom_LED_ControlTests-Info.plist";
				PRODUCT_NAME = "$(TARGET_NAME)";
				TEST_HOST = "$(BUNDLE_LOADER)";
				WRAPPER_EXTENSION = xctest;
			};
			name = Release;
		};
/* End XCBuildConfiguration section */

/* Begin XCConfigurationList section */
		FA2293121AE1F80600C9C2D5 /* Build configuration list for PBXProject "Descom_LED_Control" */ = {
			isa = XCConfigurationList;
			buildConfigurations = (
				FA2293471AE1F80700C9C2D5 /* Debug */,
				FA2293481AE1F80700C9C2D5 /* Release */,
			);
			defaultConfigurationIsVisible = 0;
			defaultConfigurationName = Release;
		};
		FA2293491AE1F80700C9C2D5 /* Build configuration list for PBXNativeTarget "Descom_LED_Control" */ = {
			isa = XCConfigurationList;
			buildConfigurations = (
				FA22934A1AE1F80700C9C2D5 /* Debug */,
				FA22934B1AE1F80700C9C2D5 /* Release */,
			);
			defaultConfigurationIsVisible = 0;
		};
		FA22934C1AE1F80700C9C2D5 /* Build configuration list for PBXNativeTarget "Descom_LED_ControlTests" */ = {
			isa = XCConfigurationList;
			buildConfigurations = (
				FA22934D1AE1F80700C9C2D5 /* Debug */,
				FA22934E1AE1F80700C9C2D5 /* Release */,
			);
			defaultConfigurationIsVisible = 0;
		};
/* End XCConfigurationList section */

/* Begin XCVersionGroup section */
		FA22932E1AE1F80700C9C2D5 /* Descom_LED_Control.xcdatamodeld */ = {
			isa = XCVersionGroup;
			children = (
				FA22932F1AE1F80700C9C2D5 /* Descom_LED_Control.xcdatamodel */,
			);
			currentVersion = FA22932F1AE1F80700C9C2D5 /* Descom_LED_Control.xcdatamodel */;
			path = Descom_LED_Control.xcdatamodeld;
			sourceTree = "<group>";
			versionGroupType = wrapper.xcdatamodel;
		};
/* End XCVersionGroup section */
	};
	rootObject = FA22930F1AE1F80600C9C2D5 /* Project object */;
}
